
Microsoft Visual Studio Solution File, Format Version 12.00
# Visual Studio Version 17
VisualStudioVersion = 17.3.32819.101
MinimumVisualStudioVersion = 10.0.40219.1
Project("{9A19103F-16F7-4668-BE54-9A1E7A4F7556}") = "FirstProgram", "FirstProgram\FirstProgram.csproj", "{3124EF12-476C-47E1-B5B3-EFDA781CEB24}"
EndProject
Project("{9A19103F-16F7-4668-BE54-9A1E7A4F7556}") = "Variable", "Variable\Variable.csproj", "{A72ACF2F-223B-4E95-BD90-F11D71D11070}"
EndProject
Project("{9A19103F-16F7-4668-BE54-9A1E7A4F7556}") = "Method", "Method\Method.csproj", "{B64702CF-01FA-42FB-A48A-C323682D6FB3}"
EndProject
Project("{9A19103F-16F7-4668-BE54-9A1E7A4F7556}") = "ClassObjectInstance", "ClassObjectInstance\ClassObjectInstance.csproj", "{60947AC6-EA58-4E0E-B8F5-A214C3A28D6C}"
EndProject
Project("{9A19103F-16F7-4668-BE54-9A1E7A4F7556}") = "ClassExample", "ClassExample\ClassExample.csproj", "{B3C37F76-E845-4B23-A5FA-0A52BA53A6AF}"
EndProject
Project("{9A19103F-16F7-4668-BE54-9A1E7A4F7556}") = "IfStatement", "IfStatement\IfStatement.csproj", "{BE2A43C2-2A9D-45A7-92F5-BA22F881DF96}"
EndProject
Project("{9A19103F-16F7-4668-BE54-9A1E7A4F7556}") = "Operators", "Operators\Operators.csproj", "{D622C327-88D1-45CF-B7B2-8FA122068356}"
EndProject
Project("{9A19103F-16F7-4668-BE54-9A1E7A4F7556}") = "Array", "Array\Array.csproj", "{FDB72DBF-F8EC-4367-B536-94516CABDA7D}"
EndProject
Project("{9A19103F-16F7-4668-BE54-9A1E7A4F7556}") = "LoopStatements", "LoopStatements\LoopStatements.csproj", "{11A74C8C-2907-49A3-BD48-18AF518E95B5}"
EndProject
Project("{9A19103F-16F7-4668-BE54-9A1E7A4F7556}") = "Array2D", "Array2D\Array2D.csproj", "{BE3BFBC6-6DBF-4335-8427-72BD6C20D2A4}"
EndProject
Project("{9A19103F-16F7-4668-BE54-9A1E7A4F7556}") = "EnumAndSwitchCase", "EnumAndSwitchCase\EnumAndSwitchCase.csproj", "{0C40A664-C655-4C3E-9BC8-EDE6A2B25D14}"
EndProject
Project("{9A19103F-16F7-4668-BE54-9A1E7A4F7556}") = "Example1_HorseRacing", "Example1_HorseRacing\Example1_HorseRacing.csproj", "{7603737F-761A-415D-A36C-C76FE445F4F6}"
EndProject
Project("{9A19103F-16F7-4668-BE54-9A1E7A4F7556}") = "Structure", "Structure\Structure.csproj", "{DFDA5230-4A9C-4742-AF73-1C39BE6B50C5}"
EndProject
Project("{9A19103F-16F7-4668-BE54-9A1E7A4F7556}") = "Inheritance", "Inheritance\Inheritance.csproj", "{78D05E13-B5AE-4ED4-B82F-D983E92206D2}"
EndProject
Project("{9A19103F-16F7-4668-BE54-9A1E7A4F7556}") = "DynamicArray", "DynamicArray\DynamicArray.csproj", "{F3433F43-EAF2-44EB-838C-4848F66B3F7B}"
EndProject
Project("{9A19103F-16F7-4668-BE54-9A1E7A4F7556}") = "LinkedList", "LinkedList\LinkedList.csproj", "{3BFD3B01-1C95-4E80-9CE0-38D0D2FDC447}"
EndProject
Project("{9A19103F-16F7-4668-BE54-9A1E7A4F7556}") = "Hashtable", "Hashtable\Hashtable.csproj", "{4CEA3CD1-0D9F-4636-84C8-8EDF5B1C06F5}"
EndProject
Project("{9A19103F-16F7-4668-BE54-9A1E7A4F7556}") = "BinaryTree", "BinaryTree\BinaryTree.csproj", "{444D32E4-A81A-49C3-A779-084D96F75C53}"
EndProject
Project("{9A19103F-16F7-4668-BE54-9A1E7A4F7556}") = "Collections", "Collections\Collections.csproj", "{4934E39D-C986-4AED-BC93-3FA2E77E7A32}"
EndProject
Project("{9A19103F-16F7-4668-BE54-9A1E7A4F7556}") = "SortAlgorithms", "SortAlgorithms\SortAlgorithms.csproj", "{2ABA25AB-304D-410C-B4F3-753FB479F82A}"
EndProject
Project("{FAE04EC0-301F-11D3-BF4B-00C04F79EFBC}") = "Delegate", "Delegate\Delegate.csproj", "{431645F6-6BE4-4668-BBF5-5890ADF4CC5C}"
EndProject
Global
	GlobalSection(SolutionConfigurationPlatforms) = preSolution
		Debug|Any CPU = Debug|Any CPU
		Release|Any CPU = Release|Any CPU
	EndGlobalSection
	GlobalSection(ProjectConfigurationPlatforms) = postSolution
		{3124EF12-476C-47E1-B5B3-EFDA781CEB24}.Debug|Any CPU.ActiveCfg = Debug|Any CPU
		{3124EF12-476C-47E1-B5B3-EFDA781CEB24}.Debug|Any CPU.Build.0 = Debug|Any CPU
		{3124EF12-476C-47E1-B5B3-EFDA781CEB24}.Release|Any CPU.ActiveCfg = Release|Any CPU
		{3124EF12-476C-47E1-B5B3-EFDA781CEB24}.Release|Any CPU.Build.0 = Release|Any CPU
		{A72ACF2F-223B-4E95-BD90-F11D71D11070}.Debug|Any CPU.ActiveCfg = Debug|Any CPU
		{A72ACF2F-223B-4E95-BD90-F11D71D11070}.Debug|Any CPU.Build.0 = Debug|Any CPU
		{A72ACF2F-223B-4E95-BD90-F11D71D11070}.Release|Any CPU.ActiveCfg = Release|Any CPU
		{A72ACF2F-223B-4E95-BD90-F11D71D11070}.Release|Any CPU.Build.0 = Release|Any CPU
		{B64702CF-01FA-42FB-A48A-C323682D6FB3}.Debug|Any CPU.ActiveCfg = Debug|Any CPU
		{B64702CF-01FA-42FB-A48A-C323682D6FB3}.Debug|Any CPU.Build.0 = Debug|Any CPU
		{B64702CF-01FA-42FB-A48A-C323682D6FB3}.Release|Any CPU.ActiveCfg = Release|Any CPU
		{B64702CF-01FA-42FB-A48A-C323682D6FB3}.Release|Any CPU.Build.0 = Release|Any CPU
		{60947AC6-EA58-4E0E-B8F5-A214C3A28D6C}.Debug|Any CPU.ActiveCfg = Debug|Any CPU
		{60947AC6-EA58-4E0E-B8F5-A214C3A28D6C}.Debug|Any CPU.Build.0 = Debug|Any CPU
		{60947AC6-EA58-4E0E-B8F5-A214C3A28D6C}.Release|Any CPU.ActiveCfg = Release|Any CPU
		{60947AC6-EA58-4E0E-B8F5-A214C3A28D6C}.Release|Any CPU.Build.0 = Release|Any CPU
		{B3C37F76-E845-4B23-A5FA-0A52BA53A6AF}.Debug|Any CPU.ActiveCfg = Debug|Any CPU
		{B3C37F76-E845-4B23-A5FA-0A52BA53A6AF}.Debug|Any CPU.Build.0 = Debug|Any CPU
		{B3C37F76-E845-4B23-A5FA-0A52BA53A6AF}.Release|Any CPU.ActiveCfg = Release|Any CPU
		{B3C37F76-E845-4B23-A5FA-0A52BA53A6AF}.Release|Any CPU.Build.0 = Release|Any CPU
		{BE2A43C2-2A9D-45A7-92F5-BA22F881DF96}.Debug|Any CPU.ActiveCfg = Debug|Any CPU
		{BE2A43C2-2A9D-45A7-92F5-BA22F881DF96}.Debug|Any CPU.Build.0 = Debug|Any CPU
		{BE2A43C2-2A9D-45A7-92F5-BA22F881DF96}.Release|Any CPU.ActiveCfg = Release|Any CPU
		{BE2A43C2-2A9D-45A7-92F5-BA22F881DF96}.Release|Any CPU.Build.0 = Release|Any CPU
		{D622C327-88D1-45CF-B7B2-8FA122068356}.Debug|Any CPU.ActiveCfg = Debug|Any CPU
		{D622C327-88D1-45CF-B7B2-8FA122068356}.Debug|Any CPU.Build.0 = Debug|Any CPU
		{D622C327-88D1-45CF-B7B2-8FA122068356}.Release|Any CPU.ActiveCfg = Release|Any CPU
		{D622C327-88D1-45CF-B7B2-8FA122068356}.Release|Any CPU.Build.0 = Release|Any CPU
		{FDB72DBF-F8EC-4367-B536-94516CABDA7D}.Debug|Any CPU.ActiveCfg = Debug|Any CPU
		{FDB72DBF-F8EC-4367-B536-94516CABDA7D}.Debug|Any CPU.Build.0 = Debug|Any CPU
		{FDB72DBF-F8EC-4367-B536-94516CABDA7D}.Release|Any CPU.ActiveCfg = Release|Any CPU
		{FDB72DBF-F8EC-4367-B536-94516CABDA7D}.Release|Any CPU.Build.0 = Release|Any CPU
		{11A74C8C-2907-49A3-BD48-18AF518E95B5}.Debug|Any CPU.ActiveCfg = Debug|Any CPU
		{11A74C8C-2907-49A3-BD48-18AF518E95B5}.Debug|Any CPU.Build.0 = Debug|Any CPU
		{11A74C8C-2907-49A3-BD48-18AF518E95B5}.Release|Any CPU.ActiveCfg = Release|Any CPU
		{11A74C8C-2907-49A3-BD48-18AF518E95B5}.Release|Any CPU.Build.0 = Release|Any CPU
		{BE3BFBC6-6DBF-4335-8427-72BD6C20D2A4}.Debug|Any CPU.ActiveCfg = Debug|Any CPU
		{BE3BFBC6-6DBF-4335-8427-72BD6C20D2A4}.Debug|Any CPU.Build.0 = Debug|Any CPU
		{BE3BFBC6-6DBF-4335-8427-72BD6C20D2A4}.Release|Any CPU.ActiveCfg = Release|Any CPU
		{BE3BFBC6-6DBF-4335-8427-72BD6C20D2A4}.Release|Any CPU.Build.0 = Release|Any CPU
		{0C40A664-C655-4C3E-9BC8-EDE6A2B25D14}.Debug|Any CPU.ActiveCfg = Debug|Any CPU
		{0C40A664-C655-4C3E-9BC8-EDE6A2B25D14}.Debug|Any CPU.Build.0 = Debug|Any CPU
		{0C40A664-C655-4C3E-9BC8-EDE6A2B25D14}.Release|Any CPU.ActiveCfg = Release|Any CPU
		{0C40A664-C655-4C3E-9BC8-EDE6A2B25D14}.Release|Any CPU.Build.0 = Release|Any CPU
		{7603737F-761A-415D-A36C-C76FE445F4F6}.Debug|Any CPU.ActiveCfg = Debug|Any CPU
		{7603737F-761A-415D-A36C-C76FE445F4F6}.Debug|Any CPU.Build.0 = Debug|Any CPU
		{7603737F-761A-415D-A36C-C76FE445F4F6}.Release|Any CPU.ActiveCfg = Release|Any CPU
		{7603737F-761A-415D-A36C-C76FE445F4F6}.Release|Any CPU.Build.0 = Release|Any CPU
		{DFDA5230-4A9C-4742-AF73-1C39BE6B50C5}.Debug|Any CPU.ActiveCfg = Debug|Any CPU
		{DFDA5230-4A9C-4742-AF73-1C39BE6B50C5}.Debug|Any CPU.Build.0 = Debug|Any CPU
		{DFDA5230-4A9C-4742-AF73-1C39BE6B50C5}.Release|Any CPU.ActiveCfg = Release|Any CPU
		{DFDA5230-4A9C-4742-AF73-1C39BE6B50C5}.Release|Any CPU.Build.0 = Release|Any CPU
		{78D05E13-B5AE-4ED4-B82F-D983E92206D2}.Debug|Any CPU.ActiveCfg = Debug|Any CPU
		{78D05E13-B5AE-4ED4-B82F-D983E92206D2}.Debug|Any CPU.Build.0 = Debug|Any CPU
		{78D05E13-B5AE-4ED4-B82F-D983E92206D2}.Release|Any CPU.ActiveCfg = Release|Any CPU
		{78D05E13-B5AE-4ED4-B82F-D983E92206D2}.Release|Any CPU.Build.0 = Release|Any CPU
		{F3433F43-EAF2-44EB-838C-4848F66B3F7B}.Debug|Any CPU.ActiveCfg = Debug|Any CPU
		{F3433F43-EAF2-44EB-838C-4848F66B3F7B}.Debug|Any CPU.Build.0 = Debug|Any CPU
		{F3433F43-EAF2-44EB-838C-4848F66B3F7B}.Release|Any CPU.ActiveCfg = Release|Any CPU
		{F3433F43-EAF2-44EB-838C-4848F66B3F7B}.Release|Any CPU.Build.0 = Release|Any CPU
		{3BFD3B01-1C95-4E80-9CE0-38D0D2FDC447}.Debug|Any CPU.ActiveCfg = Debug|Any CPU
		{3BFD3B01-1C95-4E80-9CE0-38D0D2FDC447}.Debug|Any CPU.Build.0 = Debug|Any CPU
		{3BFD3B01-1C95-4E80-9CE0-38D0D2FDC447}.Release|Any CPU.ActiveCfg = Release|Any CPU
		{3BFD3B01-1C95-4E80-9CE0-38D0D2FDC447}.Release|Any CPU.Build.0 = Release|Any CPU
		{4CEA3CD1-0D9F-4636-84C8-8EDF5B1C06F5}.Debug|Any CPU.ActiveCfg = Debug|Any CPU
		{4CEA3CD1-0D9F-4636-84C8-8EDF5B1C06F5}.Debug|Any CPU.Build.0 = Debug|Any CPU
		{4CEA3CD1-0D9F-4636-84C8-8EDF5B1C06F5}.Release|Any CPU.ActiveCfg = Release|Any CPU
		{4CEA3CD1-0D9F-4636-84C8-8EDF5B1C06F5}.Release|Any CPU.Build.0 = Release|Any CPU
		{444D32E4-A81A-49C3-A779-084D96F75C53}.Debug|Any CPU.ActiveCfg = Debug|Any CPU
		{444D32E4-A81A-49C3-A779-084D96F75C53}.Debug|Any CPU.Build.0 = Debug|Any CPU
		{444D32E4-A81A-49C3-A779-084D96F75C53}.Release|Any CPU.ActiveCfg = Release|Any CPU
		{444D32E4-A81A-49C3-A779-084D96F75C53}.Release|Any CPU.Build.0 = Release|Any CPU
		{4934E39D-C986-4AED-BC93-3FA2E77E7A32}.Debug|Any CPU.ActiveCfg = Debug|Any CPU
		{4934E39D-C986-4AED-BC93-3FA2E77E7A32}.Debug|Any CPU.Build.0 = Debug|Any CPU
		{4934E39D-C986-4AED-BC93-3FA2E77E7A32}.Release|Any CPU.ActiveCfg = Release|Any CPU
		{4934E39D-C986-4AED-BC93-3FA2E77E7A32}.Release|Any CPU.Build.0 = Release|Any CPU
		{2ABA25AB-304D-410C-B4F3-753FB479F82A}.Debug|Any CPU.ActiveCfg = Debug|Any CPU
		{2ABA25AB-304D-410C-B4F3-753FB479F82A}.Debug|Any CPU.Build.0 = Debug|Any CPU
		{2ABA25AB-304D-410C-B4F3-753FB479F82A}.Release|Any CPU.ActiveCfg = Release|Any CPU
		{2ABA25AB-304D-410C-B4F3-753FB479F82A}.Release|Any CPU.Build.0 = Release|Any CPU
		{431645F6-6BE4-4668-BBF5-5890ADF4CC5C}.Debug|Any CPU.ActiveCfg = Debug|Any CPU
		{431645F6-6BE4-4668-BBF5-5890ADF4CC5C}.Debug|Any CPU.Build.0 = Debug|Any CPU
		{431645F6-6BE4-4668-BBF5-5890ADF4CC5C}.Release|Any CPU.ActiveCfg = Release|Any CPU
		{431645F6-6BE4-4668-BBF5-5890ADF4CC5C}.Release|Any CPU.Build.0 = Release|Any CPU
	EndGlobalSection
	GlobalSection(SolutionProperties) = preSolution
		HideSolutionNode = FALSE
	EndGlobalSection
	GlobalSection(ExtensibilityGlobals) = postSolution
		SolutionGuid = {753E9368-9564-4004-ACF6-A83C5A7FA9E1}
	EndGlobalSection
EndGlobal
