
Microsoft Visual Studio Solution File, Format Version 12.00
# Visual Studio Version 17
VisualStudioVersion = 17.4.33110.190
MinimumVisualStudioVersion = 10.0.40219.1
Project("{9A19103F-16F7-4668-BE54-9A1E7A4F7556}") = "FirstProgram", "FirstProgram\FirstProgram.csproj", "{443DD630-8DF3-4204-9155-E87A9C757B21}"
EndProject
Project("{9A19103F-16F7-4668-BE54-9A1E7A4F7556}") = "Variable", "Variable\Variable.csproj", "{05EEF2FD-4394-4DC7-9BED-819603A7583E}"
EndProject
Project("{9A19103F-16F7-4668-BE54-9A1E7A4F7556}") = "method", "method\method.csproj", "{E82E467A-1272-4D1F-B0CD-C6A0D713089E}"
EndProject
Project("{9A19103F-16F7-4668-BE54-9A1E7A4F7556}") = "ClassObjectinstance", "ClassObjectlnstance\ClassObjectinstance.csproj", "{38471EAD-9C2E-4A62-84DE-E6A02C93EC74}"
EndProject
Project("{9A19103F-16F7-4668-BE54-9A1E7A4F7556}") = "ClassExample", "ClassExample\ClassExample.csproj", "{C7AD101B-C813-4717-BBA8-84B300825CEC}"
EndProject
Project("{9A19103F-16F7-4668-BE54-9A1E7A4F7556}") = "IfStatement", "IfStatement\IfStatement.csproj", "{36DC04C5-EE63-4D8F-A8E8-B4A4AD7E992B}"
EndProject
Project("{9A19103F-16F7-4668-BE54-9A1E7A4F7556}") = "Operators", "Operators\Operators.csproj", "{73EC2961-CB2F-4D05-A32E-E509FDDE7678}"
EndProject
Project("{9A19103F-16F7-4668-BE54-9A1E7A4F7556}") = "Array", "Array\Array.csproj", "{D904C2CC-4DD2-4378-B356-D57DA96674DC}"
EndProject
Project("{9A19103F-16F7-4668-BE54-9A1E7A4F7556}") = "LoopStatements", "LoopStatments\LoopStatements.csproj", "{FB43C6E2-4825-4CD8-9BCD-9BD5992BB85B}"
EndProject
Project("{9A19103F-16F7-4668-BE54-9A1E7A4F7556}") = "Array2D", "Array2D\Array2D.csproj", "{C0BCA2F3-0E0F-4E8B-824B-78840880551A}"
EndProject
Project("{9A19103F-16F7-4668-BE54-9A1E7A4F7556}") = "EnumAndSwitchCase", "EnumAndSwitchCase\EnumAndSwitchCase.csproj", "{905E608E-DEEA-4FDB-A158-7836B129AAAB}"
EndProject
Project("{9A19103F-16F7-4668-BE54-9A1E7A4F7556}") = "Example1_HorseRacing", "Example1_HorseRacing\Example1_HorseRacing.csproj", "{14C4B2E2-C985-44B0-98C1-2B6D07491F7B}"
EndProject
Project("{9A19103F-16F7-4668-BE54-9A1E7A4F7556}") = "Structure", "Structure\Structure.csproj", "{52CD4EFD-321A-4B7C-AADC-884D975A166E}"
EndProject
Project("{9A19103F-16F7-4668-BE54-9A1E7A4F7556}") = "Inheritance", "Inheritance\Inheritance.csproj", "{BD99F224-CAA0-4E5E-B15E-7BA3D2B13E17}"
EndProject
Project("{9A19103F-16F7-4668-BE54-9A1E7A4F7556}") = "DynamicArray", "DynamicArray\DynamicArray.csproj", "{5681F98E-C230-448C-8F94-2DB012228A75}"
EndProject
Project("{FAE04EC0-301F-11D3-BF4B-00C04F79EFBC}") = "LinkedList", "LinkedList\LinkedList.csproj", "{1527D579-4D61-4176-871E-4122E9C2AC6E}"
EndProject
Global
	GlobalSection(SolutionConfigurationPlatforms) = preSolution
		Debug|Any CPU = Debug|Any CPU
		Release|Any CPU = Release|Any CPU
	EndGlobalSection
	GlobalSection(ProjectConfigurationPlatforms) = postSolution
		{443DD630-8DF3-4204-9155-E87A9C757B21}.Debug|Any CPU.ActiveCfg = Debug|Any CPU
		{443DD630-8DF3-4204-9155-E87A9C757B21}.Debug|Any CPU.Build.0 = Debug|Any CPU
		{443DD630-8DF3-4204-9155-E87A9C757B21}.Release|Any CPU.ActiveCfg = Release|Any CPU
		{443DD630-8DF3-4204-9155-E87A9C757B21}.Release|Any CPU.Build.0 = Release|Any CPU
		{05EEF2FD-4394-4DC7-9BED-819603A7583E}.Debug|Any CPU.ActiveCfg = Debug|Any CPU
		{05EEF2FD-4394-4DC7-9BED-819603A7583E}.Debug|Any CPU.Build.0 = Debug|Any CPU
		{05EEF2FD-4394-4DC7-9BED-819603A7583E}.Release|Any CPU.ActiveCfg = Release|Any CPU
		{05EEF2FD-4394-4DC7-9BED-819603A7583E}.Release|Any CPU.Build.0 = Release|Any CPU
		{E82E467A-1272-4D1F-B0CD-C6A0D713089E}.Debug|Any CPU.ActiveCfg = Debug|Any CPU
		{E82E467A-1272-4D1F-B0CD-C6A0D713089E}.Debug|Any CPU.Build.0 = Debug|Any CPU
		{E82E467A-1272-4D1F-B0CD-C6A0D713089E}.Release|Any CPU.ActiveCfg = Release|Any CPU
		{E82E467A-1272-4D1F-B0CD-C6A0D713089E}.Release|Any CPU.Build.0 = Release|Any CPU
		{38471EAD-9C2E-4A62-84DE-E6A02C93EC74}.Debug|Any CPU.ActiveCfg = Debug|Any CPU
		{38471EAD-9C2E-4A62-84DE-E6A02C93EC74}.Debug|Any CPU.Build.0 = Debug|Any CPU
		{38471EAD-9C2E-4A62-84DE-E6A02C93EC74}.Release|Any CPU.ActiveCfg = Release|Any CPU
		{38471EAD-9C2E-4A62-84DE-E6A02C93EC74}.Release|Any CPU.Build.0 = Release|Any CPU
		{C7AD101B-C813-4717-BBA8-84B300825CEC}.Debug|Any CPU.ActiveCfg = Debug|Any CPU
		{C7AD101B-C813-4717-BBA8-84B300825CEC}.Debug|Any CPU.Build.0 = Debug|Any CPU
		{C7AD101B-C813-4717-BBA8-84B300825CEC}.Release|Any CPU.ActiveCfg = Release|Any CPU
		{C7AD101B-C813-4717-BBA8-84B300825CEC}.Release|Any CPU.Build.0 = Release|Any CPU
		{36DC04C5-EE63-4D8F-A8E8-B4A4AD7E992B}.Debug|Any CPU.ActiveCfg = Debug|Any CPU
		{36DC04C5-EE63-4D8F-A8E8-B4A4AD7E992B}.Debug|Any CPU.Build.0 = Debug|Any CPU
		{36DC04C5-EE63-4D8F-A8E8-B4A4AD7E992B}.Release|Any CPU.ActiveCfg = Release|Any CPU
		{36DC04C5-EE63-4D8F-A8E8-B4A4AD7E992B}.Release|Any CPU.Build.0 = Release|Any CPU
		{73EC2961-CB2F-4D05-A32E-E509FDDE7678}.Debug|Any CPU.ActiveCfg = Debug|Any CPU
		{73EC2961-CB2F-4D05-A32E-E509FDDE7678}.Debug|Any CPU.Build.0 = Debug|Any CPU
		{73EC2961-CB2F-4D05-A32E-E509FDDE7678}.Release|Any CPU.ActiveCfg = Release|Any CPU
		{73EC2961-CB2F-4D05-A32E-E509FDDE7678}.Release|Any CPU.Build.0 = Release|Any CPU
		{D904C2CC-4DD2-4378-B356-D57DA96674DC}.Debug|Any CPU.ActiveCfg = Debug|Any CPU
		{D904C2CC-4DD2-4378-B356-D57DA96674DC}.Debug|Any CPU.Build.0 = Debug|Any CPU
		{D904C2CC-4DD2-4378-B356-D57DA96674DC}.Release|Any CPU.ActiveCfg = Release|Any CPU
		{D904C2CC-4DD2-4378-B356-D57DA96674DC}.Release|Any CPU.Build.0 = Release|Any CPU
		{FB43C6E2-4825-4CD8-9BCD-9BD5992BB85B}.Debug|Any CPU.ActiveCfg = Debug|Any CPU
		{FB43C6E2-4825-4CD8-9BCD-9BD5992BB85B}.Debug|Any CPU.Build.0 = Debug|Any CPU
		{FB43C6E2-4825-4CD8-9BCD-9BD5992BB85B}.Release|Any CPU.ActiveCfg = Release|Any CPU
		{FB43C6E2-4825-4CD8-9BCD-9BD5992BB85B}.Release|Any CPU.Build.0 = Release|Any CPU
		{C0BCA2F3-0E0F-4E8B-824B-78840880551A}.Debug|Any CPU.ActiveCfg = Debug|Any CPU
		{C0BCA2F3-0E0F-4E8B-824B-78840880551A}.Debug|Any CPU.Build.0 = Debug|Any CPU
		{C0BCA2F3-0E0F-4E8B-824B-78840880551A}.Release|Any CPU.ActiveCfg = Release|Any CPU
		{C0BCA2F3-0E0F-4E8B-824B-78840880551A}.Release|Any CPU.Build.0 = Release|Any CPU
		{905E608E-DEEA-4FDB-A158-7836B129AAAB}.Debug|Any CPU.ActiveCfg = Debug|Any CPU
		{905E608E-DEEA-4FDB-A158-7836B129AAAB}.Debug|Any CPU.Build.0 = Debug|Any CPU
		{905E608E-DEEA-4FDB-A158-7836B129AAAB}.Release|Any CPU.ActiveCfg = Release|Any CPU
		{905E608E-DEEA-4FDB-A158-7836B129AAAB}.Release|Any CPU.Build.0 = Release|Any CPU
		{14C4B2E2-C985-44B0-98C1-2B6D07491F7B}.Debug|Any CPU.ActiveCfg = Debug|Any CPU
		{14C4B2E2-C985-44B0-98C1-2B6D07491F7B}.Debug|Any CPU.Build.0 = Debug|Any CPU
		{14C4B2E2-C985-44B0-98C1-2B6D07491F7B}.Release|Any CPU.ActiveCfg = Release|Any CPU
		{14C4B2E2-C985-44B0-98C1-2B6D07491F7B}.Release|Any CPU.Build.0 = Release|Any CPU
		{52CD4EFD-321A-4B7C-AADC-884D975A166E}.Debug|Any CPU.ActiveCfg = Debug|Any CPU
		{52CD4EFD-321A-4B7C-AADC-884D975A166E}.Debug|Any CPU.Build.0 = Debug|Any CPU
		{52CD4EFD-321A-4B7C-AADC-884D975A166E}.Release|Any CPU.ActiveCfg = Release|Any CPU
		{52CD4EFD-321A-4B7C-AADC-884D975A166E}.Release|Any CPU.Build.0 = Release|Any CPU
		{BD99F224-CAA0-4E5E-B15E-7BA3D2B13E17}.Debug|Any CPU.ActiveCfg = Debug|Any CPU
		{BD99F224-CAA0-4E5E-B15E-7BA3D2B13E17}.Debug|Any CPU.Build.0 = Debug|Any CPU
		{BD99F224-CAA0-4E5E-B15E-7BA3D2B13E17}.Release|Any CPU.ActiveCfg = Release|Any CPU
		{BD99F224-CAA0-4E5E-B15E-7BA3D2B13E17}.Release|Any CPU.Build.0 = Release|Any CPU
		{5681F98E-C230-448C-8F94-2DB012228A75}.Debug|Any CPU.ActiveCfg = Debug|Any CPU
		{5681F98E-C230-448C-8F94-2DB012228A75}.Debug|Any CPU.Build.0 = Debug|Any CPU
		{5681F98E-C230-448C-8F94-2DB012228A75}.Release|Any CPU.ActiveCfg = Release|Any CPU
		{5681F98E-C230-448C-8F94-2DB012228A75}.Release|Any CPU.Build.0 = Release|Any CPU
		{1527D579-4D61-4176-871E-4122E9C2AC6E}.Debug|Any CPU.ActiveCfg = Debug|Any CPU
		{1527D579-4D61-4176-871E-4122E9C2AC6E}.Debug|Any CPU.Build.0 = Debug|Any CPU
		{1527D579-4D61-4176-871E-4122E9C2AC6E}.Release|Any CPU.ActiveCfg = Release|Any CPU
		{1527D579-4D61-4176-871E-4122E9C2AC6E}.Release|Any CPU.Build.0 = Release|Any CPU
	EndGlobalSection
	GlobalSection(SolutionProperties) = preSolution
		HideSolutionNode = FALSE
	EndGlobalSection
	GlobalSection(ExtensibilityGlobals) = postSolution
		SolutionGuid = {478FC7C9-7E5B-465F-901F-AE3A5AED2BF0}
	EndGlobalSection
EndGlobal
