
Microsoft Visual Studio Solution File, Format Version 12.00
# Visual Studio Version 17
VisualStudioVersion = 17.4.33110.190
MinimumVisualStudioVersion = 10.0.40219.1
Project("{FAE04EC0-301F-11D3-BF4B-00C04F79EFBC}") = "FirstProgram", "FirstProgram\FirstProgram.csproj", "{443DD630-8DF3-4204-9155-E87A9C757B21}"
EndProject
Project("{FAE04EC0-301F-11D3-BF4B-00C04F79EFBC}") = "Variable", "Variable\Variable.csproj", "{05EEF2FD-4394-4DC7-9BED-819603A7583E}"
EndProject
Global
	GlobalSection(SolutionConfigurationPlatforms) = preSolution
		Debug|Any CPU = Debug|Any CPU
		Release|Any CPU = Release|Any CPU
	EndGlobalSection
	GlobalSection(ProjectConfigurationPlatforms) = postSolution
		{443DD630-8DF3-4204-9155-E87A9C757B21}.Debug|Any CPU.ActiveCfg = Debug|Any CPU
		{443DD630-8DF3-4204-9155-E87A9C757B21}.Debug|Any CPU.Build.0 = Debug|Any CPU
		{443DD630-8DF3-4204-9155-E87A9C757B21}.Release|Any CPU.ActiveCfg = Release|Any CPU
		{443DD630-8DF3-4204-9155-E87A9C757B21}.Release|Any CPU.Build.0 = Release|Any CPU
		{05EEF2FD-4394-4DC7-9BED-819603A7583E}.Debug|Any CPU.ActiveCfg = Debug|Any CPU
		{05EEF2FD-4394-4DC7-9BED-819603A7583E}.Debug|Any CPU.Build.0 = Debug|Any CPU
		{05EEF2FD-4394-4DC7-9BED-819603A7583E}.Release|Any CPU.ActiveCfg = Release|Any CPU
		{05EEF2FD-4394-4DC7-9BED-819603A7583E}.Release|Any CPU.Build.0 = Release|Any CPU
	EndGlobalSection
	GlobalSection(SolutionProperties) = preSolution
		HideSolutionNode = FALSE
	EndGlobalSection
	GlobalSection(ExtensibilityGlobals) = postSolution
		SolutionGuid = {478FC7C9-7E5B-465F-901F-AE3A5AED2BF0}
	EndGlobalSection
EndGlobal
